
Microsoft Visual Studio Solution File, Format Version 12.00
# Visual Studio Version 17
VisualStudioVersion = 17.11.35208.52
MinimumVisualStudioVersion = 10.0.40219.1
Project("{8BC9CEB8-8B4A-11D0-8D11-00A0C91BC942}") = "DSCP", "DSCP\DSCP.vcxproj", "{5A67FC3D-C142-4B84-A060-A7F9691E08EC}"
EndProject
Global
	GlobalSection(SolutionConfigurationPlatforms) = preSolution
		Debug|x64 = Debug|x64
		Debug|x86 = Debug|x86
		Release|x64 = Release|x64
		Release|x86 = Release|x86
	EndGlobalSection
	GlobalSection(ProjectConfigurationPlatforms) = postSolution
		{5A67FC3D-C142-4B84-A060-A7F9691E08EC}.Debug|x64.ActiveCfg = Debug|x64
		{5A67FC3D-C142-4B84-A060-A7F9691E08EC}.Debug|x64.Build.0 = Debug|x64
		{5A67FC3D-C142-4B84-A060-A7F9691E08EC}.Debug|x86.ActiveCfg = Debug|Win32
		{5A67FC3D-C142-4B84-A060-A7F9691E08EC}.Debug|x86.Build.0 = Debug|Win32
		{5A67FC3D-C142-4B84-A060-A7F9691E08EC}.Release|x64.ActiveCfg = Release|x64
		{5A67FC3D-C142-4B84-A060-A7F9691E08EC}.Release|x64.Build.0 = Release|x64
		{5A67FC3D-C142-4B84-A060-A7F9691E08EC}.Release|x86.ActiveCfg = Release|Win32
		{5A67FC3D-C142-4B84-A060-A7F9691E08EC}.Release|x86.Build.0 = Release|Win32
	EndGlobalSection
	GlobalSection(SolutionProperties) = preSolution
		HideSolutionNode = FALSE
	EndGlobalSection
	GlobalSection(ExtensibilityGlobals) = postSolution
		SolutionGuid = {127138DB-5106-4ABA-8189-E6BA0173189F}
	EndGlobalSection
EndGlobal
